
Microsoft Visual Studio Solution File, Format Version 12.00
# Visual Studio Version 17
VisualStudioVersion = 17.1.32210.238
MinimumVisualStudioVersion = 10.0.40219.1
Project("{FAE04EC0-301F-11D3-BF4B-00C04F79EFBC}") = "webAPI", "webAPI\webAPI.csproj", "{F7C7CB65-B79D-42B1-8BA9-08FD4F6D49D3}"
EndProject
Global
	GlobalSection(SolutionConfigurationPlatforms) = preSolution
		Debug|Any CPU = Debug|Any CPU
		Release|Any CPU = Release|Any CPU
	EndGlobalSection
	GlobalSection(ProjectConfigurationPlatforms) = postSolution
		{F7C7CB65-B79D-42B1-8BA9-08FD4F6D49D3}.Debug|Any CPU.ActiveCfg = Debug|Any CPU
		{F7C7CB65-B79D-42B1-8BA9-08FD4F6D49D3}.Debug|Any CPU.Build.0 = Debug|Any CPU
		{F7C7CB65-B79D-42B1-8BA9-08FD4F6D49D3}.Release|Any CPU.ActiveCfg = Release|Any CPU
		{F7C7CB65-B79D-42B1-8BA9-08FD4F6D49D3}.Release|Any CPU.Build.0 = Release|Any CPU
	EndGlobalSection
	GlobalSection(SolutionProperties) = preSolution
		HideSolutionNode = FALSE
	EndGlobalSection
	GlobalSection(ExtensibilityGlobals) = postSolution
		SolutionGuid = {456F705C-C3C1-4A36-BDDD-BBF4E3274934}
	EndGlobalSection
EndGlobal
